<?xml version="1.0" encoding="utf-8"?>
<Project ToolsVersion="4.0" xmlns="http://schemas.microsoft.com/developer/msbuild/2003">
  <ItemGroup>
    <Filter Include="Source Files">
      <UniqueIdentifier>{4FC737F1-C7A5-4376-A066-2A32D752A2FF}</UniqueIdentifier>
      <Extensions>cpp;c;cc;cxx;def;odl;idl;hpj;bat;asm;asmx</Extensions>
    </Filter>
    <Filter Include="Header Files">
      <UniqueIdentifier>{93995380-89BD-4b04-88EB-625FBE52EBFB}</UniqueIdentifier>
      <Extensions>h;hh;hpp;hxx;hm;inl;inc;xsd</Extensions>
    </Filter>
    <Filter Include="Resource Files">
      <UniqueIdentifier>{67DA6AB6-F800-4c08-8B7A-83BB121AAD01}</UniqueIdentifier>
      <Extensions>rc;ico;cur;bmp;dlg;rc2;rct;bin;rgs;gif;jpg;jpeg;jpe;resx;tiff;tif;png;wav;mfcribbon-ms</Extensions>
    </Filter>
    <Filter Include="Source Files\deps">
      <UniqueIdentifier>{2bfc7438-8a80-4adc-b273-9124346a8125}</UniqueIdentifier>
    </Filter>
    <Filter Include="Source Files\deps\cpp-fmt">
      <UniqueIdentifier>{32421587-3c32-4bf2-89f2-4b49e05457c5}</UniqueIdentifier>
    </Filter>
    <Filter Include="Source Files\deps\luna">
      <UniqueIdentifier>{cef127d3-3e4e-4da7-8f3a-12cca5292792}</UniqueIdentifier>
    </Filter>
    <Filter Include="Source Files\src">
      <UniqueIdentifier>{7701e92e-de04-4a63-a319-c4f442835fc8}</UniqueIdentifier>
    </Filter>
    <Filter Include="Resource Files\samples">
      <UniqueIdentifier>{4ebfc023-cc58-4d70-b206-39f3ba8612a9}</UniqueIdentifier>
    </Filter>
    <Filter Include="Source Files\lib">
      <UniqueIdentifier>{8e84df14-e94e-4ce1-9b18-883732b7c8d1}</UniqueIdentifier>
    </Filter>
  </ItemGroup>
  <ItemGroup>
    <ClInclude Include="..\deps\CppFmt\format.h">
      <Filter>Source Files\deps\cpp-fmt</Filter>
    </ClInclude>
    <ClInclude Include="..\deps\CppFmt\posix.h">
      <Filter>Source Files\deps\cpp-fmt</Filter>
    </ClInclude>
    <ClInclude Include="..\deps\Luna\Utils.hh">
      <Filter>Source Files\deps\luna</Filter>
    </ClInclude>
    <ClInclude Include="..\deps\Luna\Crucible.hh">
      <Filter>Source Files\deps\luna</Filter>
    </ClInclude>
    <ClInclude Include="..\asgmt-6b\Edge.h">
      <Filter>Source Files\lib</Filter>
    </ClInclude>
    <ClInclude Include="..\asgmt-6b\WGraph.h">
      <Filter>Source Files\lib</Filter>
    </ClInclude>
    <ClInclude Include="..\asgmt-5\lib\priority-queue.hh">
      <Filter>Source Files\lib</Filter>
    </ClInclude>
  </ItemGroup>
  <ItemGroup>
    <ClCompile Include="..\deps\CppFmt\posix.cc">
      <Filter>Source Files\deps\cpp-fmt</Filter>
    </ClCompile>
    <ClCompile Include="..\deps\CppFmt\format.cc">
      <Filter>Source Files\deps\cpp-fmt</Filter>
    </ClCompile>
    <ClCompile Include="..\deps\Luna\crucible.cc">
      <Filter>Source Files\deps\luna</Filter>
    </ClCompile>
    <ClCompile Include="main.cc">
      <Filter>Source Files\src</Filter>
    </ClCompile>
    <ClCompile Include="..\asgmt-6b\Edge.cpp">
      <Filter>Source Files\lib</Filter>
    </ClCompile>
    <ClCompile Include="..\asgmt-6b\Testing.cpp">
      <Filter>Source Files\lib</Filter>
    </ClCompile>
    <ClCompile Include="..\asgmt-6b\WGraph.cpp">
      <Filter>Source Files\lib</Filter>
    </ClCompile>
    <ClCompile Include="..\asgmt-5\lib\priority-queue.cc">
      <Filter>Source Files\lib</Filter>
    </ClCompile>
  </ItemGroup>
  <ItemGroup>
    <None Include="..\deps\Luna\exp.inl">
      <Filter>Source Files\deps\luna</Filter>
    </None>
    <None Include="..\asgmt-6b\data-files\CitiesG.xlsx">
      <Filter>Resource Files</Filter>
    </None>
    <None Include="..\asgmt-6b\data-files\TestG.xlsx">
      <Filter>Resource Files</Filter>
    </None>
  </ItemGroup>
  <ItemGroup>
    <Text Include="..\asgmt-6b\data-files\CitiesG.txt">
      <Filter>Resource Files</Filter>
    </Text>
    <Text Include="..\asgmt-6b\data-files\Sample.txt">
      <Filter>Resource Files</Filter>
    </Text>
    <Text Include="..\asgmt-6b\data-files\TestG.txt">
      <Filter>Resource Files</Filter>
    </Text>
  </ItemGroup>
</Project>